{
    "name": "rescript",
    "lockfileVersion": 2,
    "requires": true,
    "packages": {
        "": {
            "dependencies": {
                "rescript-webapi": "^0.6.1"
            },
            "devDependencies": {
                "rescript": "^9.1.4"
            }
        },
        "node_modules/rescript": {
            "version": "9.1.4",
            "resolved": "https://registry.npmjs.org/rescript/-/rescript-9.1.4.tgz",
            "integrity": "sha512-aXANK4IqecJzdnDpJUsU6pxMViCR5ogAxzuqS0mOr8TloMnzAjJFu63fjD6LCkWrKAhlMkFFzQvVQYaAaVkFXw==",
            "dev": true,
            "hasInstallScript": true,
            "bin": {
                "bsc": "bsc",
                "bsrefmt": "bsrefmt",
                "bstracing": "lib/bstracing",
                "rescript": "rescript"
            }
        },
        "node_modules/rescript-webapi": {
            "version": "0.6.1",
            "resolved": "https://registry.npmjs.org/rescript-webapi/-/rescript-webapi-0.6.1.tgz",
            "integrity": "sha512-I/eeHOcsUfWbCf6u15zd+rKxMz9awSjjdRa8eFtl2X+HjDNs0mJxoC4uFFK9dIazYcmY2VpuK5TTpOPXvdkhDw=="
        }
    },
    "dependencies": {
        "rescript": {
            "version": "9.1.4",
            "resolved": "https://registry.npmjs.org/rescript/-/rescript-9.1.4.tgz",
            "integrity": "sha512-aXANK4IqecJzdnDpJUsU6pxMViCR5ogAxzuqS0mOr8TloMnzAjJFu63fjD6LCkWrKAhlMkFFzQvVQYaAaVkFXw==",
            "dev": true
        },
        "rescript-webapi": {
            "version": "0.6.1",
            "resolved": "https://registry.npmjs.org/rescript-webapi/-/rescript-webapi-0.6.1.tgz",
            "integrity": "sha512-I/eeHOcsUfWbCf6u15zd+rKxMz9awSjjdRa8eFtl2X+HjDNs0mJxoC4uFFK9dIazYcmY2VpuK5TTpOPXvdkhDw=="
        }
    }
}
